
Microsoft Visual Studio Solution File, Format Version 12.00
# Visual Studio Version 17
VisualStudioVersion = 17.4.33213.308
MinimumVisualStudioVersion = 10.0.40219.1
Project("{9A19103F-16F7-4668-BE54-9A1E7A4F7556}") = "BattleshipsAPI", "BattleshipsAPI\BattleshipsAPI.csproj", "{A2B632F2-0330-4AC6-88B2-8C5849FEE656}"
EndProject
Project("{9A19103F-16F7-4668-BE54-9A1E7A4F7556}") = "BattleshipsAPI.Tests", "BattleshipsAPI.Tests\BattleshipsAPI.Tests.csproj", "{4070357E-D2B2-416C-B196-7DE2F659C2DC}"
EndProject
Project("{2150E333-8FDC-42A3-9474-1A3956D46DE8}") = "Solution Items", "Solution Items", "{65D1046C-378E-46E4-89F3-71CF19F40AD6}"
	ProjectSection(SolutionItems) = preProject
		.gitignore = .gitignore
	EndProjectSection
EndProject
Global
	GlobalSection(SolutionConfigurationPlatforms) = preSolution
		Debug|Any CPU = Debug|Any CPU
		Release|Any CPU = Release|Any CPU
	EndGlobalSection
	GlobalSection(ProjectConfigurationPlatforms) = postSolution
		{A2B632F2-0330-4AC6-88B2-8C5849FEE656}.Debug|Any CPU.ActiveCfg = Debug|Any CPU
		{A2B632F2-0330-4AC6-88B2-8C5849FEE656}.Debug|Any CPU.Build.0 = Debug|Any CPU
		{A2B632F2-0330-4AC6-88B2-8C5849FEE656}.Release|Any CPU.ActiveCfg = Release|Any CPU
		{A2B632F2-0330-4AC6-88B2-8C5849FEE656}.Release|Any CPU.Build.0 = Release|Any CPU
		{4070357E-D2B2-416C-B196-7DE2F659C2DC}.Debug|Any CPU.ActiveCfg = Debug|Any CPU
		{4070357E-D2B2-416C-B196-7DE2F659C2DC}.Debug|Any CPU.Build.0 = Debug|Any CPU
		{4070357E-D2B2-416C-B196-7DE2F659C2DC}.Release|Any CPU.ActiveCfg = Release|Any CPU
		{4070357E-D2B2-416C-B196-7DE2F659C2DC}.Release|Any CPU.Build.0 = Release|Any CPU
	EndGlobalSection
	GlobalSection(SolutionProperties) = preSolution
		HideSolutionNode = FALSE
	EndGlobalSection
	GlobalSection(ExtensibilityGlobals) = postSolution
		SolutionGuid = {3DDF0127-F8AA-409D-9065-29038856AEB6}
	EndGlobalSection
EndGlobal
